
Microsoft Visual Studio Solution File, Format Version 12.00
# Visual Studio 15
VisualStudioVersion = 15.0.26403.7
MinimumVisualStudioVersion = 10.0.40219.1
Project("{FAE04EC0-301F-11D3-BF4B-00C04F79EFBC}") = "FibonacciNumbersWithInput", "FibonacciNumbersWithInput\FibonacciNumbersWithInput.csproj", "{49CA6ADC-5227-4C61-8A39-7884453C9D3A}"
EndProject
Project("{FAE04EC0-301F-11D3-BF4B-00C04F79EFBC}") = "FibonacciNumbersWithInputUnitTest", "FibonacciNumbersWithInputUnitTest\FibonacciNumbersWithInputUnitTest.csproj", "{2377B718-CBA9-4703-8994-16B5691DF27F}"
EndProject
Global
	GlobalSection(SolutionConfigurationPlatforms) = preSolution
		Debug|Any CPU = Debug|Any CPU
		Release|Any CPU = Release|Any CPU
	EndGlobalSection
	GlobalSection(ProjectConfigurationPlatforms) = postSolution
		{49CA6ADC-5227-4C61-8A39-7884453C9D3A}.Debug|Any CPU.ActiveCfg = Debug|Any CPU
		{49CA6ADC-5227-4C61-8A39-7884453C9D3A}.Debug|Any CPU.Build.0 = Debug|Any CPU
		{49CA6ADC-5227-4C61-8A39-7884453C9D3A}.Release|Any CPU.ActiveCfg = Release|Any CPU
		{49CA6ADC-5227-4C61-8A39-7884453C9D3A}.Release|Any CPU.Build.0 = Release|Any CPU
		{2377B718-CBA9-4703-8994-16B5691DF27F}.Debug|Any CPU.ActiveCfg = Debug|Any CPU
		{2377B718-CBA9-4703-8994-16B5691DF27F}.Debug|Any CPU.Build.0 = Debug|Any CPU
		{2377B718-CBA9-4703-8994-16B5691DF27F}.Release|Any CPU.ActiveCfg = Release|Any CPU
		{2377B718-CBA9-4703-8994-16B5691DF27F}.Release|Any CPU.Build.0 = Release|Any CPU
	EndGlobalSection
	GlobalSection(SolutionProperties) = preSolution
		HideSolutionNode = FALSE
	EndGlobalSection
EndGlobal
